{
    "hash": "cbee4576fe002a712c992d2f42c060e3",
    "packages": [
        {
            "package": "beberlei/assert",
            "version": "dev-master",
            "source-reference": "8ce1ac6507d289cb76d4454e992a9a9222ac9693"
        }
    ],
    "packages-dev": null,
    "aliases": [

    ],
    "minimum-stability": "dev",
    "stability-flags": [

    ]
}
